
Microsoft Visual Studio Solution File, Format Version 12.00
# Visual Studio Version 17
VisualStudioVersion = 17.3.32901.215
MinimumVisualStudioVersion = 10.0.40219.1
Project("{FAE04EC0-301F-11D3-BF4B-00C04F79EFBC}") = "P3_1_1214078", "P3_1_1214078\P3_1_1214078.csproj", "{2404675D-64A8-4A94-8F85-2A6B779521A9}"
EndProject
Global
	GlobalSection(SolutionConfigurationPlatforms) = preSolution
		Debug|Any CPU = Debug|Any CPU
		Release|Any CPU = Release|Any CPU
	EndGlobalSection
	GlobalSection(ProjectConfigurationPlatforms) = postSolution
		{2404675D-64A8-4A94-8F85-2A6B779521A9}.Debug|Any CPU.ActiveCfg = Debug|Any CPU
		{2404675D-64A8-4A94-8F85-2A6B779521A9}.Debug|Any CPU.Build.0 = Debug|Any CPU
		{2404675D-64A8-4A94-8F85-2A6B779521A9}.Release|Any CPU.ActiveCfg = Release|Any CPU
		{2404675D-64A8-4A94-8F85-2A6B779521A9}.Release|Any CPU.Build.0 = Release|Any CPU
	EndGlobalSection
	GlobalSection(SolutionProperties) = preSolution
		HideSolutionNode = FALSE
	EndGlobalSection
	GlobalSection(ExtensibilityGlobals) = postSolution
		SolutionGuid = {80E8F4F3-8954-40A5-BDF2-B7A50237E7B6}
	EndGlobalSection
EndGlobal
